
Microsoft Visual Studio Solution File, Format Version 12.00
# Visual Studio Version 17
VisualStudioVersion = 17.2.32602.215
MinimumVisualStudioVersion = 10.0.40219.1
Project("{FAE04EC0-301F-11D3-BF4B-00C04F79EFBC}") = "WinFormsApp-Test", "WinFormsApp-Test\WinFormsApp-Test.csproj", "{93EE0B8B-B2F6-4FD5-8897-86A66EF6A059}"
EndProject
Global
	GlobalSection(SolutionConfigurationPlatforms) = preSolution
		Debug|Any CPU = Debug|Any CPU
		Release|Any CPU = Release|Any CPU
	EndGlobalSection
	GlobalSection(ProjectConfigurationPlatforms) = postSolution
		{93EE0B8B-B2F6-4FD5-8897-86A66EF6A059}.Debug|Any CPU.ActiveCfg = Debug|Any CPU
		{93EE0B8B-B2F6-4FD5-8897-86A66EF6A059}.Debug|Any CPU.Build.0 = Debug|Any CPU
		{93EE0B8B-B2F6-4FD5-8897-86A66EF6A059}.Release|Any CPU.ActiveCfg = Release|Any CPU
		{93EE0B8B-B2F6-4FD5-8897-86A66EF6A059}.Release|Any CPU.Build.0 = Release|Any CPU
	EndGlobalSection
	GlobalSection(SolutionProperties) = preSolution
		HideSolutionNode = FALSE
	EndGlobalSection
	GlobalSection(ExtensibilityGlobals) = postSolution
		SolutionGuid = {FFEF2EBB-58E7-4997-A00B-87979F926875}
	EndGlobalSection
EndGlobal
